{
  "name": "fileclass",
  "version": "1.0.3",
  "lockfileVersion": 2,
  "requires": true,
  "packages": {
    "": {
      "name": "fileclass",
      "version": "1.0.3",
      "license": "ISC",
      "dependencies": {
        "@mathrandom7910/tseventemitter": "^1.0.5"
      }
    },
    "node_modules/@mathrandom7910/tseventemitter": {
      "version": "1.0.5",
      "resolved": "https://registry.npmjs.org/@mathrandom7910/tseventemitter/-/tseventemitter-1.0.5.tgz",
      "integrity": "sha512-65ac0bxYe4Ya9PCadVkUb2MNgNq+rHpjNKYnI/bjeyCIzCK1xGggDxaNtIIoKojSB3N2GxsZw+CnNrX2fzID9Q=="
    }
  },
  "dependencies": {
    "@mathrandom7910/tseventemitter": {
      "version": "1.0.5",
      "resolved": "https://registry.npmjs.org/@mathrandom7910/tseventemitter/-/tseventemitter-1.0.5.tgz",
      "integrity": "sha512-65ac0bxYe4Ya9PCadVkUb2MNgNq+rHpjNKYnI/bjeyCIzCK1xGggDxaNtIIoKojSB3N2GxsZw+CnNrX2fzID9Q=="
    }
  }
}
